
Microsoft Visual Studio Solution File, Format Version 12.00
# Visual Studio Version 16
VisualStudioVersion = 16.0.31321.278
MinimumVisualStudioVersion = 10.0.40219.1
Project("{9A19103F-16F7-4668-BE54-9A1E7A4F7556}") = "registroCompleto", "registroCompleto\registroCompleto.csproj", "{46A68DDA-4D6E-4D8B-9E55-AD7809C9D8C6}"
EndProject
Global
	GlobalSection(SolutionConfigurationPlatforms) = preSolution
		Debug|Any CPU = Debug|Any CPU
		Release|Any CPU = Release|Any CPU
	EndGlobalSection
	GlobalSection(ProjectConfigurationPlatforms) = postSolution
		{46A68DDA-4D6E-4D8B-9E55-AD7809C9D8C6}.Debug|Any CPU.ActiveCfg = Debug|Any CPU
		{46A68DDA-4D6E-4D8B-9E55-AD7809C9D8C6}.Debug|Any CPU.Build.0 = Debug|Any CPU
		{46A68DDA-4D6E-4D8B-9E55-AD7809C9D8C6}.Release|Any CPU.ActiveCfg = Release|Any CPU
		{46A68DDA-4D6E-4D8B-9E55-AD7809C9D8C6}.Release|Any CPU.Build.0 = Release|Any CPU
	EndGlobalSection
	GlobalSection(SolutionProperties) = preSolution
		HideSolutionNode = FALSE
	EndGlobalSection
	GlobalSection(ExtensibilityGlobals) = postSolution
		SolutionGuid = {2E53759E-834B-45C4-B765-7A0ACE1BC602}
	EndGlobalSection
EndGlobal
